
Microsoft Visual Studio Solution File, Format Version 12.00
# Visual Studio Version 16
VisualStudioVersion = 16.0.810.6
MinimumVisualStudioVersion = 10.0.40219.1
Project("{2150E333-8FDC-42A3-9474-1A3956D46DE8}") = "Services", "Services", "{A9766BB7-2FDE-449C-89CA-84427A47F652}"
EndProject
Project("{2150E333-8FDC-42A3-9474-1A3956D46DE8}") = "Catalog", "Catalog", "{F3707464-DB97-4FB3-8863-67ED4825C0B1}"
EndProject
Project("{FAE04EC0-301F-11D3-BF4B-00C04F79EFBC}") = "FreeCourse.Services.Catalog", "Services\Catalog\FreeCourse.Services.Catalog\FreeCourse.Services.Catalog.csproj", "{FE75BEFB-E5D9-4FCF-A5D7-B639DE547B37}"
EndProject
Project("{2150E333-8FDC-42A3-9474-1A3956D46DE8}") = "Shared", "Shared", "{BCE03782-F1CC-44D2-857A-790FF5B11E1B}"
EndProject
Project("{FAE04EC0-301F-11D3-BF4B-00C04F79EFBC}") = "FreeCourse.Shared", "Shared\FreeCourse.Shared\FreeCourse.Shared.csproj", "{E99F1AA8-3327-4A52-8D52-1D26BCAE7974}"
EndProject
Project("{2150E333-8FDC-42A3-9474-1A3956D46DE8}") = "IdentityServer", "IdentityServer", "{CF15D2CF-8D18-4C96-9041-7082742CF154}"
EndProject
Project("{FAE04EC0-301F-11D3-BF4B-00C04F79EFBC}") = "FreeCourse.IdentityServer", "IdentityServer\FreeCourse.IdentityServer\FreeCourse.IdentityServer.csproj", "{411E4BE0-A130-40D6-A838-325FA9E71587}"
EndProject
Global
	GlobalSection(SolutionConfigurationPlatforms) = preSolution
		Debug|Any CPU = Debug|Any CPU
		Release|Any CPU = Release|Any CPU
	EndGlobalSection
	GlobalSection(ProjectConfigurationPlatforms) = postSolution
		{FE75BEFB-E5D9-4FCF-A5D7-B639DE547B37}.Debug|Any CPU.ActiveCfg = Debug|Any CPU
		{FE75BEFB-E5D9-4FCF-A5D7-B639DE547B37}.Debug|Any CPU.Build.0 = Debug|Any CPU
		{FE75BEFB-E5D9-4FCF-A5D7-B639DE547B37}.Release|Any CPU.ActiveCfg = Release|Any CPU
		{FE75BEFB-E5D9-4FCF-A5D7-B639DE547B37}.Release|Any CPU.Build.0 = Release|Any CPU
		{E99F1AA8-3327-4A52-8D52-1D26BCAE7974}.Debug|Any CPU.ActiveCfg = Debug|Any CPU
		{E99F1AA8-3327-4A52-8D52-1D26BCAE7974}.Debug|Any CPU.Build.0 = Debug|Any CPU
		{E99F1AA8-3327-4A52-8D52-1D26BCAE7974}.Release|Any CPU.ActiveCfg = Release|Any CPU
		{E99F1AA8-3327-4A52-8D52-1D26BCAE7974}.Release|Any CPU.Build.0 = Release|Any CPU
		{411E4BE0-A130-40D6-A838-325FA9E71587}.Debug|Any CPU.ActiveCfg = Debug|Any CPU
		{411E4BE0-A130-40D6-A838-325FA9E71587}.Debug|Any CPU.Build.0 = Debug|Any CPU
		{411E4BE0-A130-40D6-A838-325FA9E71587}.Release|Any CPU.ActiveCfg = Release|Any CPU
		{411E4BE0-A130-40D6-A838-325FA9E71587}.Release|Any CPU.Build.0 = Release|Any CPU
	EndGlobalSection
	GlobalSection(SolutionProperties) = preSolution
		HideSolutionNode = FALSE
	EndGlobalSection
	GlobalSection(ExtensibilityGlobals) = postSolution
		SolutionGuid = {B48E7F97-9342-4D10-A8D0-97E426D2CFBE}
	EndGlobalSection
	GlobalSection(NestedProjects) = preSolution
		{F3707464-DB97-4FB3-8863-67ED4825C0B1} = {A9766BB7-2FDE-449C-89CA-84427A47F652}
		{FE75BEFB-E5D9-4FCF-A5D7-B639DE547B37} = {F3707464-DB97-4FB3-8863-67ED4825C0B1}
		{E99F1AA8-3327-4A52-8D52-1D26BCAE7974} = {BCE03782-F1CC-44D2-857A-790FF5B11E1B}
		{411E4BE0-A130-40D6-A838-325FA9E71587} = {CF15D2CF-8D18-4C96-9041-7082742CF154}
	EndGlobalSection
EndGlobal
